
Microsoft Visual Studio Solution File, Format Version 12.00
# Visual Studio 15
VisualStudioVersion = 15.0.28307.1259
MinimumVisualStudioVersion = 10.0.40219.1
Project("{FAE04EC0-301F-11D3-BF4B-00C04F79EFBC}") = "RentalKendaraan_20180140021", "RentalKendaraan_20180140021\RentalKendaraan_20180140021.csproj", "{0B4AC0D6-72D6-42AF-84F9-F45D1A500FF0}"
EndProject
Global
	GlobalSection(SolutionConfigurationPlatforms) = preSolution
		Debug|Any CPU = Debug|Any CPU
		Release|Any CPU = Release|Any CPU
	EndGlobalSection
	GlobalSection(ProjectConfigurationPlatforms) = postSolution
		{0B4AC0D6-72D6-42AF-84F9-F45D1A500FF0}.Debug|Any CPU.ActiveCfg = Debug|Any CPU
		{0B4AC0D6-72D6-42AF-84F9-F45D1A500FF0}.Debug|Any CPU.Build.0 = Debug|Any CPU
		{0B4AC0D6-72D6-42AF-84F9-F45D1A500FF0}.Release|Any CPU.ActiveCfg = Release|Any CPU
		{0B4AC0D6-72D6-42AF-84F9-F45D1A500FF0}.Release|Any CPU.Build.0 = Release|Any CPU
	EndGlobalSection
	GlobalSection(SolutionProperties) = preSolution
		HideSolutionNode = FALSE
	EndGlobalSection
	GlobalSection(ExtensibilityGlobals) = postSolution
		SolutionGuid = {A4BD7347-AB91-43B1-8F0E-C59A24AA7937}
	EndGlobalSection
EndGlobal
